// !$*UTF8*$!
{
	archiveVersion = 1;
	classes = {
	};
	objectVersion = 46;
	objects = {

/* Begin PBXBuildFile section */
		5A05292A183272BA0079F0DA /* demo_image.png in Resources */ = {isa = PBXBuildFile; fileRef = 5A052922183272BA0079F0DA /* demo_image.png */; };
		5A05292B183272BA0079F0DA /* LICENSE in Resources */ = {isa = PBXBuildFile; fileRef = 5A052923183272BA0079F0DA /* LICENSE */; };
		5A05292C183272BA0079F0DA /* README.md in Resources */ = {isa = PBXBuildFile; fileRef = 5A052924183272BA0079F0DA /* README.md */; };
		5A05292D183272BA0079F0DA /* UIImage+BlurredFrame.m in Sources */ = {isa = PBXBuildFile; fileRef = 5A052926183272BA0079F0DA /* UIImage+BlurredFrame.m */; };
		5A05292E183272BA0079F0DA /* UIImage+BlurredFrame.podspec in Resources */ = {isa = PBXBuildFile; fileRef = 5A052927183272BA0079F0DA /* UIImage+BlurredFrame.podspec */; };
		5A05292F183272BA0079F0DA /* UIImage+ImageEffects.m in Sources */ = {isa = PBXBuildFile; fileRef = 5A052929183272BA0079F0DA /* UIImage+ImageEffects.m */; };
		5A052932183274EC0079F0DA /* AFIPokeVC.m in Sources */ = {isa = PBXBuildFile; fileRef = 5A052931183274EC0079F0DA /* AFIPokeVC.m */; };
		5A052935183278300079F0DA /* AFIWebViewVC.m in Sources */ = {isa = PBXBuildFile; fileRef = 5A052934183278300079F0DA /* AFIWebViewVC.m */; };
		5A05294118327CC50079F0DA /* AFIProfileSumaryCell.m in Sources */ = {isa = PBXBuildFile; fileRef = 5A05293F18327CC50079F0DA /* AFIProfileSumaryCell.m */; };
		5A05294218327CC50079F0DA /* AFIProfileSumaryCell.xib in Resources */ = {isa = PBXBuildFile; fileRef = 5A05294018327CC50079F0DA /* AFIProfileSumaryCell.xib */; };
		5A10986B183102C8005D6DDA /* Foundation.framework in Frameworks */ = {isa = PBXBuildFile; fileRef = 5A10986A183102C8005D6DDA /* Foundation.framework */; };
		5A10986D183102C8005D6DDA /* CoreGraphics.framework in Frameworks */ = {isa = PBXBuildFile; fileRef = 5A10986C183102C8005D6DDA /* CoreGraphics.framework */; };
		5A10986F183102C8005D6DDA /* UIKit.framework in Frameworks */ = {isa = PBXBuildFile; fileRef = 5A10986E183102C8005D6DDA /* UIKit.framework */; };
		5A109875183102C8005D6DDA /* InfoPlist.strings in Resources */ = {isa = PBXBuildFile; fileRef = 5A109873183102C8005D6DDA /* InfoPlist.strings */; };
		5A109877183102C8005D6DDA /* main.m in Sources */ = {isa = PBXBuildFile; fileRef = 5A109876183102C8005D6DDA /* main.m */; };
		5A10987B183102C8005D6DDA /* AFIAppDelegate.m in Sources */ = {isa = PBXBuildFile; fileRef = 5A10987A183102C8005D6DDA /* AFIAppDelegate.m */; };
		5A10987E183102C8005D6DDA /* Main_iPhone.storyboard in Resources */ = {isa = PBXBuildFile; fileRef = 5A10987C183102C8005D6DDA /* Main_iPhone.storyboard */; };
		5A109881183102C8005D6DDA /* Main_iPad.storyboard in Resources */ = {isa = PBXBuildFile; fileRef = 5A10987F183102C8005D6DDA /* Main_iPad.storyboard */; };
		5A109884183102C8005D6DDA /* AFIContactSearchVC.m in Sources */ = {isa = PBXBuildFile; fileRef = 5A109883183102C8005D6DDA /* AFIContactSearchVC.m */; };
		5A109886183102C8005D6DDA /* Images.xcassets in Resources */ = {isa = PBXBuildFile; fileRef = 5A109885183102C8005D6DDA /* Images.xcassets */; };
		5A10988D183102C8005D6DDA /* XCTest.framework in Frameworks */ = {isa = PBXBuildFile; fileRef = 5A10988C183102C8005D6DDA /* XCTest.framework */; };
		5A10988E183102C8005D6DDA /* Foundation.framework in Frameworks */ = {isa = PBXBuildFile; fileRef = 5A10986A183102C8005D6DDA /* Foundation.framework */; };
		5A10988F183102C8005D6DDA /* UIKit.framework in Frameworks */ = {isa = PBXBuildFile; fileRef = 5A10986E183102C8005D6DDA /* UIKit.framework */; };
		5A109897183102C8005D6DDA /* InfoPlist.strings in Resources */ = {isa = PBXBuildFile; fileRef = 5A109895183102C8005D6DDA /* InfoPlist.strings */; };
		5A109899183102C8005D6DDA /* sFetchTests.m in Sources */ = {isa = PBXBuildFile; fileRef = 5A109898183102C8005D6DDA /* sFetchTests.m */; };
		5A1098A418310673005D6DDA /* AFIContact.m in Sources */ = {isa = PBXBuildFile; fileRef = 5A1098A318310673005D6DDA /* AFIContact.m */; };
		5A1098AA18313DE7005D6DDA /* AFISearchNavigationController.m in Sources */ = {isa = PBXBuildFile; fileRef = 5A1098A918313DE7005D6DDA /* AFISearchNavigationController.m */; };
		5A1098AD183141D3005D6DDA /* AFIContactVC.m in Sources */ = {isa = PBXBuildFile; fileRef = 5A1098AC183141D3005D6DDA /* AFIContactVC.m */; };
/* End PBXBuildFile section */

/* Begin PBXContainerItemProxy section */
		5A109890183102C8005D6DDA /* PBXContainerItemProxy */ = {
			isa = PBXContainerItemProxy;
			containerPortal = 5A10985F183102C8005D6DDA /* Project object */;
			proxyType = 1;
			remoteGlobalIDString = 5A109866183102C8005D6DDA;
			remoteInfo = sFetch;
		};
/* End PBXContainerItemProxy section */

/* Begin PBXFileReference section */
		5A052922183272BA0079F0DA /* demo_image.png */ = {isa = PBXFileReference; lastKnownFileType = image.png; path = demo_image.png; sourceTree = "<group>"; };
		5A052923183272BA0079F0DA /* LICENSE */ = {isa = PBXFileReference; fileEncoding = 4; lastKnownFileType = text; path = LICENSE; sourceTree = "<group>"; };
		5A052924183272BA0079F0DA /* README.md */ = {isa = PBXFileReference; fileEncoding = 4; lastKnownFileType = text; path = README.md; sourceTree = "<group>"; };
		5A052925183272BA0079F0DA /* UIImage+BlurredFrame.h */ = {isa = PBXFileReference; fileEncoding = 4; lastKnownFileType = sourcecode.c.h; path = "UIImage+BlurredFrame.h"; sourceTree = "<group>"; };
		5A052926183272BA0079F0DA /* UIImage+BlurredFrame.m */ = {isa = PBXFileReference; fileEncoding = 4; lastKnownFileType = sourcecode.c.objc; path = "UIImage+BlurredFrame.m"; sourceTree = "<group>"; };
		5A052927183272BA0079F0DA /* UIImage+BlurredFrame.podspec */ = {isa = PBXFileReference; fileEncoding = 4; lastKnownFileType = text; path = "UIImage+BlurredFrame.podspec"; sourceTree = "<group>"; };
		5A052928183272BA0079F0DA /* UIImage+ImageEffects.h */ = {isa = PBXFileReference; fileEncoding = 4; lastKnownFileType = sourcecode.c.h; path = "UIImage+ImageEffects.h"; sourceTree = "<group>"; };
		5A052929183272BA0079F0DA /* UIImage+ImageEffects.m */ = {isa = PBXFileReference; fileEncoding = 4; lastKnownFileType = sourcecode.c.objc; path = "UIImage+ImageEffects.m"; sourceTree = "<group>"; };
		5A052930183274EC0079F0DA /* AFIPokeVC.h */ = {isa = PBXFileReference; fileEncoding = 4; lastKnownFileType = sourcecode.c.h; name = AFIPokeVC.h; path = Controller/AFIPokeVC.h; sourceTree = "<group>"; };
		5A052931183274EC0079F0DA /* AFIPokeVC.m */ = {isa = PBXFileReference; fileEncoding = 4; lastKnownFileType = sourcecode.c.objc; name = AFIPokeVC.m; path = Controller/AFIPokeVC.m; sourceTree = "<group>"; };
		5A052933183278300079F0DA /* AFIWebViewVC.h */ = {isa = PBXFileReference; fileEncoding = 4; lastKnownFileType = sourcecode.c.h; name = AFIWebViewVC.h; path = Controller/AFIWebViewVC.h; sourceTree = "<group>"; };
		5A052934183278300079F0DA /* AFIWebViewVC.m */ = {isa = PBXFileReference; fileEncoding = 4; lastKnownFileType = sourcecode.c.objc; name = AFIWebViewVC.m; path = Controller/AFIWebViewVC.m; sourceTree = "<group>"; };
		5A05293E18327CC50079F0DA /* AFIProfileSumaryCell.h */ = {isa = PBXFileReference; fileEncoding = 4; lastKnownFileType = sourcecode.c.h; path = AFIProfileSumaryCell.h; sourceTree = "<group>"; };
		5A05293F18327CC50079F0DA /* AFIProfileSumaryCell.m */ = {isa = PBXFileReference; fileEncoding = 4; lastKnownFileType = sourcecode.c.objc; path = AFIProfileSumaryCell.m; sourceTree = "<group>"; };
		5A05294018327CC50079F0DA /* AFIProfileSumaryCell.xib */ = {isa = PBXFileReference; fileEncoding = 4; lastKnownFileType = file.xib; path = AFIProfileSumaryCell.xib; sourceTree = "<group>"; };
		5A052953183287670079F0DA /* Security.framework */ = {isa = PBXFileReference; lastKnownFileType = wrapper.framework; name = Security.framework; path = System/Library/Frameworks/Security.framework; sourceTree = SDKROOT; };
		5A109867183102C8005D6DDA /* sFetch.app */ = {isa = PBXFileReference; explicitFileType = wrapper.application; includeInIndex = 0; path = sFetch.app; sourceTree = BUILT_PRODUCTS_DIR; };
		5A10986A183102C8005D6DDA /* Foundation.framework */ = {isa = PBXFileReference; lastKnownFileType = wrapper.framework; name = Foundation.framework; path = System/Library/Frameworks/Foundation.framework; sourceTree = SDKROOT; };
		5A10986C183102C8005D6DDA /* CoreGraphics.framework */ = {isa = PBXFileReference; lastKnownFileType = wrapper.framework; name = CoreGraphics.framework; path = System/Library/Frameworks/CoreGraphics.framework; sourceTree = SDKROOT; };
		5A10986E183102C8005D6DDA /* UIKit.framework */ = {isa = PBXFileReference; lastKnownFileType = wrapper.framework; name = UIKit.framework; path = System/Library/Frameworks/UIKit.framework; sourceTree = SDKROOT; };
		5A109872183102C8005D6DDA /* sFetch-Info.plist */ = {isa = PBXFileReference; lastKnownFileType = text.plist.xml; path = "sFetch-Info.plist"; sourceTree = "<group>"; };
		5A109874183102C8005D6DDA /* en */ = {isa = PBXFileReference; lastKnownFileType = text.plist.strings; name = en; path = en.lproj/InfoPlist.strings; sourceTree = "<group>"; };
		5A109876183102C8005D6DDA /* main.m */ = {isa = PBXFileReference; lastKnownFileType = sourcecode.c.objc; path = main.m; sourceTree = "<group>"; };
		5A109878183102C8005D6DDA /* sFetch-Prefix.pch */ = {isa = PBXFileReference; lastKnownFileType = sourcecode.c.h; path = "sFetch-Prefix.pch"; sourceTree = "<group>"; };
		5A109879183102C8005D6DDA /* AFIAppDelegate.h */ = {isa = PBXFileReference; lastKnownFileType = sourcecode.c.h; path = AFIAppDelegate.h; sourceTree = "<group>"; };
		5A10987A183102C8005D6DDA /* AFIAppDelegate.m */ = {isa = PBXFileReference; lastKnownFileType = sourcecode.c.objc; path = AFIAppDelegate.m; sourceTree = "<group>"; };
		5A10987D183102C8005D6DDA /* Base */ = {isa = PBXFileReference; lastKnownFileType = file.storyboard; name = Base; path = Base.lproj/Main_iPhone.storyboard; sourceTree = "<group>"; };
		5A109880183102C8005D6DDA /* Base */ = {isa = PBXFileReference; lastKnownFileType = file.storyboard; name = Base; path = Base.lproj/Main_iPad.storyboard; sourceTree = "<group>"; };
		5A109882183102C8005D6DDA /* AFIContactSearchVC.h */ = {isa = PBXFileReference; lastKnownFileType = sourcecode.c.h; path = AFIContactSearchVC.h; sourceTree = "<group>"; };
		5A109883183102C8005D6DDA /* AFIContactSearchVC.m */ = {isa = PBXFileReference; lastKnownFileType = sourcecode.c.objc; path = AFIContactSearchVC.m; sourceTree = "<group>"; };
		5A109885183102C8005D6DDA /* Images.xcassets */ = {isa = PBXFileReference; lastKnownFileType = folder.assetcatalog; path = Images.xcassets; sourceTree = "<group>"; };
		5A10988B183102C8005D6DDA /* sFetchTests.xctest */ = {isa = PBXFileReference; explicitFileType = wrapper.cfbundle; includeInIndex = 0; path = sFetchTests.xctest; sourceTree = BUILT_PRODUCTS_DIR; };
		5A10988C183102C8005D6DDA /* XCTest.framework */ = {isa = PBXFileReference; lastKnownFileType = wrapper.framework; name = XCTest.framework; path = Library/Frameworks/XCTest.framework; sourceTree = DEVELOPER_DIR; };
		5A109894183102C8005D6DDA /* sFetchTests-Info.plist */ = {isa = PBXFileReference; lastKnownFileType = text.plist.xml; path = "sFetchTests-Info.plist"; sourceTree = "<group>"; };
		5A109896183102C8005D6DDA /* en */ = {isa = PBXFileReference; lastKnownFileType = text.plist.strings; name = en; path = en.lproj/InfoPlist.strings; sourceTree = "<group>"; };
		5A109898183102C8005D6DDA /* sFetchTests.m */ = {isa = PBXFileReference; lastKnownFileType = sourcecode.c.objc; path = sFetchTests.m; sourceTree = "<group>"; };
		5A1098A218310673005D6DDA /* AFIContact.h */ = {isa = PBXFileReference; fileEncoding = 4; lastKnownFileType = sourcecode.c.h; name = AFIContact.h; path = Model/AFIContact.h; sourceTree = "<group>"; };
		5A1098A318310673005D6DDA /* AFIContact.m */ = {isa = PBXFileReference; fileEncoding = 4; lastKnownFileType = sourcecode.c.objc; name = AFIContact.m; path = Model/AFIContact.m; sourceTree = "<group>"; };
		5A1098A818313DE7005D6DDA /* AFISearchNavigationController.h */ = {isa = PBXFileReference; fileEncoding = 4; lastKnownFileType = sourcecode.c.h; name = AFISearchNavigationController.h; path = Controller/AFISearchNavigationController.h; sourceTree = "<group>"; };
		5A1098A918313DE7005D6DDA /* AFISearchNavigationController.m */ = {isa = PBXFileReference; fileEncoding = 4; lastKnownFileType = sourcecode.c.objc; name = AFISearchNavigationController.m; path = Controller/AFISearchNavigationController.m; sourceTree = "<group>"; };
		5A1098AB183141D3005D6DDA /* AFIContactVC.h */ = {isa = PBXFileReference; fileEncoding = 4; lastKnownFileType = sourcecode.c.h; name = AFIContactVC.h; path = Controller/AFIContactVC.h; sourceTree = "<group>"; };
		5A1098AC183141D3005D6DDA /* AFIContactVC.m */ = {isa = PBXFileReference; fileEncoding = 4; lastKnownFileType = sourcecode.c.objc; name = AFIContactVC.m; path = Controller/AFIContactVC.m; sourceTree = "<group>"; };
/* End PBXFileReference section */

/* Begin PBXFrameworksBuildPhase section */
		5A109864183102C8005D6DDA /* Frameworks */ = {
			isa = PBXFrameworksBuildPhase;
			buildActionMask = 2147483647;
			files = (
				5A10986D183102C8005D6DDA /* CoreGraphics.framework in Frameworks */,
				5A10986F183102C8005D6DDA /* UIKit.framework in Frameworks */,
				5A10986B183102C8005D6DDA /* Foundation.framework in Frameworks */,
			);
			runOnlyForDeploymentPostprocessing = 0;
		};
		5A109888183102C8005D6DDA /* Frameworks */ = {
			isa = PBXFrameworksBuildPhase;
			buildActionMask = 2147483647;
			files = (
				5A10988D183102C8005D6DDA /* XCTest.framework in Frameworks */,
				5A10988F183102C8005D6DDA /* UIKit.framework in Frameworks */,
				5A10988E183102C8005D6DDA /* Foundation.framework in Frameworks */,
			);
			runOnlyForDeploymentPostprocessing = 0;
		};
/* End PBXFrameworksBuildPhase section */

/* Begin PBXGroup section */
		5A052921183272BA0079F0DA /* UIImage-BlurredFrame */ = {
			isa = PBXGroup;
			children = (
				5A052922183272BA0079F0DA /* demo_image.png */,
				5A052923183272BA0079F0DA /* LICENSE */,
				5A052924183272BA0079F0DA /* README.md */,
				5A052925183272BA0079F0DA /* UIImage+BlurredFrame.h */,
				5A052926183272BA0079F0DA /* UIImage+BlurredFrame.m */,
				5A052927183272BA0079F0DA /* UIImage+BlurredFrame.podspec */,
				5A052928183272BA0079F0DA /* UIImage+ImageEffects.h */,
				5A052929183272BA0079F0DA /* UIImage+ImageEffects.m */,
			);
			name = "UIImage-BlurredFrame";
			path = "../../UIImage-BlurredFrame";
			sourceTree = "<group>";
		};
		5A05293618327AA60079F0DA /* Controllers */ = {
			isa = PBXGroup;
			children = (
				5A109882183102C8005D6DDA /* AFIContactSearchVC.h */,
				5A109883183102C8005D6DDA /* AFIContactSearchVC.m */,
				5A052933183278300079F0DA /* AFIWebViewVC.h */,
				5A052934183278300079F0DA /* AFIWebViewVC.m */,
				5A052930183274EC0079F0DA /* AFIPokeVC.h */,
				5A052931183274EC0079F0DA /* AFIPokeVC.m */,
				5A1098AB183141D3005D6DDA /* AFIContactVC.h */,
				5A1098AC183141D3005D6DDA /* AFIContactVC.m */,
				5A1098A818313DE7005D6DDA /* AFISearchNavigationController.h */,
				5A1098A918313DE7005D6DDA /* AFISearchNavigationController.m */,
			);
			name = Controllers;
			sourceTree = "<group>";
		};
		5A05293718327AB00079F0DA /* Models */ = {
			isa = PBXGroup;
			children = (
				5A1098A218310673005D6DDA /* AFIContact.h */,
				5A1098A318310673005D6DDA /* AFIContact.m */,
			);
			name = Models;
			sourceTree = "<group>";
		};
		5A05293D18327CC50079F0DA /* AFIProfileSumaryCell */ = {
			isa = PBXGroup;
			children = (
				5A05293E18327CC50079F0DA /* AFIProfileSumaryCell.h */,
				5A05293F18327CC50079F0DA /* AFIProfileSumaryCell.m */,
				5A05294018327CC50079F0DA /* AFIProfileSumaryCell.xib */,
			);
			name = AFIProfileSumaryCell;
			path = View/AFIProfileSumaryCell;
			sourceTree = "<group>";
		};
		5A05294318327CCA0079F0DA /* Views */ = {
			isa = PBXGroup;
			children = (
				5A05293D18327CC50079F0DA /* AFIProfileSumaryCell */,
			);
			name = Views;
			sourceTree = "<group>";
		};
		5A10985E183102C8005D6DDA = {
			isa = PBXGroup;
			children = (
				5A052921183272BA0079F0DA /* UIImage-BlurredFrame */,
				5A109870183102C8005D6DDA /* sFetch */,
				5A109892183102C8005D6DDA /* sFetchTests */,
				5A109869183102C8005D6DDA /* Frameworks */,
				5A109868183102C8005D6DDA /* Products */,
			);
			sourceTree = "<group>";
		};
		5A109868183102C8005D6DDA /* Products */ = {
			isa = PBXGroup;
			children = (
				5A109867183102C8005D6DDA /* sFetch.app */,
				5A10988B183102C8005D6DDA /* sFetchTests.xctest */,
			);
			name = Products;
			sourceTree = "<group>";
		};
		5A109869183102C8005D6DDA /* Frameworks */ = {
			isa = PBXGroup;
			children = (
				5A052953183287670079F0DA /* Security.framework */,
				5A10986A183102C8005D6DDA /* Foundation.framework */,
				5A10986C183102C8005D6DDA /* CoreGraphics.framework */,
				5A10986E183102C8005D6DDA /* UIKit.framework */,
				5A10988C183102C8005D6DDA /* XCTest.framework */,
			);
			name = Frameworks;
			sourceTree = "<group>";
		};
		5A109870183102C8005D6DDA /* sFetch */ = {
			isa = PBXGroup;
			children = (
				5A109879183102C8005D6DDA /* AFIAppDelegate.h */,
				5A10987A183102C8005D6DDA /* AFIAppDelegate.m */,
				5A10987C183102C8005D6DDA /* Main_iPhone.storyboard */,
				5A10987F183102C8005D6DDA /* Main_iPad.storyboard */,
				5A05294318327CCA0079F0DA /* Views */,
				5A05293618327AA60079F0DA /* Controllers */,
				5A05293718327AB00079F0DA /* Models */,
				5A109885183102C8005D6DDA /* Images.xcassets */,
				5A109871183102C8005D6DDA /* Supporting Files */,
			);
			path = sFetch;
			sourceTree = "<group>";
		};
		5A109871183102C8005D6DDA /* Supporting Files */ = {
			isa = PBXGroup;
			children = (
				5A109872183102C8005D6DDA /* sFetch-Info.plist */,
				5A109873183102C8005D6DDA /* InfoPlist.strings */,
				5A109876183102C8005D6DDA /* main.m */,
				5A109878183102C8005D6DDA /* sFetch-Prefix.pch */,
			);
			name = "Supporting Files";
			sourceTree = "<group>";
		};
		5A109892183102C8005D6DDA /* sFetchTests */ = {
			isa = PBXGroup;
			children = (
				5A109898183102C8005D6DDA /* sFetchTests.m */,
				5A109893183102C8005D6DDA /* Supporting Files */,
			);
			path = sFetchTests;
			sourceTree = "<group>";
		};
		5A109893183102C8005D6DDA /* Supporting Files */ = {
			isa = PBXGroup;
			children = (
				5A109894183102C8005D6DDA /* sFetchTests-Info.plist */,
				5A109895183102C8005D6DDA /* InfoPlist.strings */,
			);
			name = "Supporting Files";
			sourceTree = "<group>";
		};
/* End PBXGroup section */

/* Begin PBXNativeTarget section */
		5A109866183102C8005D6DDA /* sFetch */ = {
			isa = PBXNativeTarget;
			buildConfigurationList = 5A10989C183102C8005D6DDA /* Build configuration list for PBXNativeTarget "sFetch" */;
			buildPhases = (
				5A109863183102C8005D6DDA /* Sources */,
				5A109864183102C8005D6DDA /* Frameworks */,
				5A109865183102C8005D6DDA /* Resources */,
			);
			buildRules = (
			);
			dependencies = (
			);
			name = sFetch;
			productName = sFetch;
			productReference = 5A109867183102C8005D6DDA /* sFetch.app */;
			productType = "com.apple.product-type.application";
		};
		5A10988A183102C8005D6DDA /* sFetchTests */ = {
			isa = PBXNativeTarget;
			buildConfigurationList = 5A10989F183102C8005D6DDA /* Build configuration list for PBXNativeTarget "sFetchTests" */;
			buildPhases = (
				5A109887183102C8005D6DDA /* Sources */,
				5A109888183102C8005D6DDA /* Frameworks */,
				5A109889183102C8005D6DDA /* Resources */,
			);
			buildRules = (
			);
			dependencies = (
				5A109891183102C8005D6DDA /* PBXTargetDependency */,
			);
			name = sFetchTests;
			productName = sFetchTests;
			productReference = 5A10988B183102C8005D6DDA /* sFetchTests.xctest */;
			productType = "com.apple.product-type.bundle.unit-test";
		};
/* End PBXNativeTarget section */

/* Begin PBXProject section */
		5A10985F183102C8005D6DDA /* Project object */ = {
			isa = PBXProject;
			attributes = {
				CLASSPREFIX = AFI;
				LastUpgradeCheck = 0500;
				ORGANIZATIONNAME = "AnyFetch - INSA";
				TargetAttributes = {
					5A10988A183102C8005D6DDA = {
						TestTargetID = 5A109866183102C8005D6DDA;
					};
				};
			};
			buildConfigurationList = 5A109862183102C8005D6DDA /* Build configuration list for PBXProject "sFetch" */;
			compatibilityVersion = "Xcode 3.2";
			developmentRegion = English;
			hasScannedForEncodings = 0;
			knownRegions = (
				en,
				Base,
			);
			mainGroup = 5A10985E183102C8005D6DDA;
			productRefGroup = 5A109868183102C8005D6DDA /* Products */;
			projectDirPath = "";
			projectRoot = "";
			targets = (
				5A109866183102C8005D6DDA /* sFetch */,
				5A10988A183102C8005D6DDA /* sFetchTests */,
			);
		};
/* End PBXProject section */

/* Begin PBXResourcesBuildPhase section */
		5A109865183102C8005D6DDA /* Resources */ = {
			isa = PBXResourcesBuildPhase;
			buildActionMask = 2147483647;
			files = (
				5A05292B183272BA0079F0DA /* LICENSE in Resources */,
				5A05292A183272BA0079F0DA /* demo_image.png in Resources */,
				5A109881183102C8005D6DDA /* Main_iPad.storyboard in Resources */,
				5A05294218327CC50079F0DA /* AFIProfileSumaryCell.xib in Resources */,
				5A05292C183272BA0079F0DA /* README.md in Resources */,
				5A109886183102C8005D6DDA /* Images.xcassets in Resources */,
				5A10987E183102C8005D6DDA /* Main_iPhone.storyboard in Resources */,
				5A109875183102C8005D6DDA /* InfoPlist.strings in Resources */,
				5A05292E183272BA0079F0DA /* UIImage+BlurredFrame.podspec in Resources */,
			);
			runOnlyForDeploymentPostprocessing = 0;
		};
		5A109889183102C8005D6DDA /* Resources */ = {
			isa = PBXResourcesBuildPhase;
			buildActionMask = 2147483647;
			files = (
				5A109897183102C8005D6DDA /* InfoPlist.strings in Resources */,
			);
			runOnlyForDeploymentPostprocessing = 0;
		};
/* End PBXResourcesBuildPhase section */

/* Begin PBXSourcesBuildPhase section */
		5A109863183102C8005D6DDA /* Sources */ = {
			isa = PBXSourcesBuildPhase;
			buildActionMask = 2147483647;
			files = (
				5A05292F183272BA0079F0DA /* UIImage+ImageEffects.m in Sources */,
				5A05294118327CC50079F0DA /* AFIProfileSumaryCell.m in Sources */,
				5A1098AA18313DE7005D6DDA /* AFISearchNavigationController.m in Sources */,
				5A05292D183272BA0079F0DA /* UIImage+BlurredFrame.m in Sources */,
				5A052935183278300079F0DA /* AFIWebViewVC.m in Sources */,
				5A109877183102C8005D6DDA /* main.m in Sources */,
				5A109884183102C8005D6DDA /* AFIContactSearchVC.m in Sources */,
				5A10987B183102C8005D6DDA /* AFIAppDelegate.m in Sources */,
				5A1098AD183141D3005D6DDA /* AFIContactVC.m in Sources */,
				5A052932183274EC0079F0DA /* AFIPokeVC.m in Sources */,
				5A1098A418310673005D6DDA /* AFIContact.m in Sources */,
			);
			runOnlyForDeploymentPostprocessing = 0;
		};
		5A109887183102C8005D6DDA /* Sources */ = {
			isa = PBXSourcesBuildPhase;
			buildActionMask = 2147483647;
			files = (
				5A109899183102C8005D6DDA /* sFetchTests.m in Sources */,
			);
			runOnlyForDeploymentPostprocessing = 0;
		};
/* End PBXSourcesBuildPhase section */

/* Begin PBXTargetDependency section */
		5A109891183102C8005D6DDA /* PBXTargetDependency */ = {
			isa = PBXTargetDependency;
			target = 5A109866183102C8005D6DDA /* sFetch */;
			targetProxy = 5A109890183102C8005D6DDA /* PBXContainerItemProxy */;
		};
/* End PBXTargetDependency section */

/* Begin PBXVariantGroup section */
		5A109873183102C8005D6DDA /* InfoPlist.strings */ = {
			isa = PBXVariantGroup;
			children = (
				5A109874183102C8005D6DDA /* en */,
			);
			name = InfoPlist.strings;
			sourceTree = "<group>";
		};
		5A10987C183102C8005D6DDA /* Main_iPhone.storyboard */ = {
			isa = PBXVariantGroup;
			children = (
				5A10987D183102C8005D6DDA /* Base */,
			);
			name = Main_iPhone.storyboard;
			sourceTree = "<group>";
		};
		5A10987F183102C8005D6DDA /* Main_iPad.storyboard */ = {
			isa = PBXVariantGroup;
			children = (
				5A109880183102C8005D6DDA /* Base */,
			);
			name = Main_iPad.storyboard;
			sourceTree = "<group>";
		};
		5A109895183102C8005D6DDA /* InfoPlist.strings */ = {
			isa = PBXVariantGroup;
			children = (
				5A109896183102C8005D6DDA /* en */,
			);
			name = InfoPlist.strings;
			sourceTree = "<group>";
		};
/* End PBXVariantGroup section */

/* Begin XCBuildConfiguration section */
		5A10989A183102C8005D6DDA /* Debug */ = {
			isa = XCBuildConfiguration;
			buildSettings = {
				ALWAYS_SEARCH_USER_PATHS = NO;
				ARCHS = "$(ARCHS_STANDARD_INCLUDING_64_BIT)";
				CLANG_CXX_LANGUAGE_STANDARD = "gnu++0x";
				CLANG_CXX_LIBRARY = "libc++";
				CLANG_ENABLE_MODULES = YES;
				CLANG_ENABLE_OBJC_ARC = YES;
				CLANG_WARN_BOOL_CONVERSION = YES;
				CLANG_WARN_CONSTANT_CONVERSION = YES;
				CLANG_WARN_DIRECT_OBJC_ISA_USAGE = YES_ERROR;
				CLANG_WARN_EMPTY_BODY = YES;
				CLANG_WARN_ENUM_CONVERSION = YES;
				CLANG_WARN_INT_CONVERSION = YES;
				CLANG_WARN_OBJC_ROOT_CLASS = YES_ERROR;
				CLANG_WARN__DUPLICATE_METHOD_MATCH = YES;
				"CODE_SIGN_IDENTITY[sdk=iphoneos*]" = "iPhone Developer";
				COPY_PHASE_STRIP = NO;
				GCC_C_LANGUAGE_STANDARD = gnu99;
				GCC_DYNAMIC_NO_PIC = NO;
				GCC_OPTIMIZATION_LEVEL = 0;
				GCC_PREPROCESSOR_DEFINITIONS = (
					"DEBUG=1",
					"$(inherited)",
				);
				GCC_SYMBOLS_PRIVATE_EXTERN = NO;
				GCC_WARN_64_TO_32_BIT_CONVERSION = YES;
				GCC_WARN_ABOUT_RETURN_TYPE = YES_ERROR;
				GCC_WARN_UNDECLARED_SELECTOR = YES;
				GCC_WARN_UNINITIALIZED_AUTOS = YES;
				GCC_WARN_UNUSED_FUNCTION = YES;
				GCC_WARN_UNUSED_VARIABLE = YES;
				IPHONEOS_DEPLOYMENT_TARGET = 7.0;
				ONLY_ACTIVE_ARCH = YES;
				SDKROOT = iphoneos;
				TARGETED_DEVICE_FAMILY = "1,2";
			};
			name = Debug;
		};
		5A10989B183102C8005D6DDA /* Release */ = {
			isa = XCBuildConfiguration;
			buildSettings = {
				ALWAYS_SEARCH_USER_PATHS = NO;
				ARCHS = "$(ARCHS_STANDARD_INCLUDING_64_BIT)";
				CLANG_CXX_LANGUAGE_STANDARD = "gnu++0x";
				CLANG_CXX_LIBRARY = "libc++";
				CLANG_ENABLE_MODULES = YES;
				CLANG_ENABLE_OBJC_ARC = YES;
				CLANG_WARN_BOOL_CONVERSION = YES;
				CLANG_WARN_CONSTANT_CONVERSION = YES;
				CLANG_WARN_DIRECT_OBJC_ISA_USAGE = YES_ERROR;
				CLANG_WARN_EMPTY_BODY = YES;
				CLANG_WARN_ENUM_CONVERSION = YES;
				CLANG_WARN_INT_CONVERSION = YES;
				CLANG_WARN_OBJC_ROOT_CLASS = YES_ERROR;
				CLANG_WARN__DUPLICATE_METHOD_MATCH = YES;
				"CODE_SIGN_IDENTITY[sdk=iphoneos*]" = "iPhone Developer";
				COPY_PHASE_STRIP = YES;
				ENABLE_NS_ASSERTIONS = NO;
				GCC_C_LANGUAGE_STANDARD = gnu99;
				GCC_WARN_64_TO_32_BIT_CONVERSION = YES;
				GCC_WARN_ABOUT_RETURN_TYPE = YES_ERROR;
				GCC_WARN_UNDECLARED_SELECTOR = YES;
				GCC_WARN_UNINITIALIZED_AUTOS = YES;
				GCC_WARN_UNUSED_FUNCTION = YES;
				GCC_WARN_UNUSED_VARIABLE = YES;
				IPHONEOS_DEPLOYMENT_TARGET = 7.0;
				SDKROOT = iphoneos;
				TARGETED_DEVICE_FAMILY = "1,2";
				VALIDATE_PRODUCT = YES;
			};
			name = Release;
		};
		5A10989D183102C8005D6DDA /* Debug */ = {
			isa = XCBuildConfiguration;
			buildSettings = {
				ASSETCATALOG_COMPILER_APPICON_NAME = AppIcon;
				ASSETCATALOG_COMPILER_LAUNCHIMAGE_NAME = LaunchImage;
				GCC_PRECOMPILE_PREFIX_HEADER = YES;
				GCC_PREFIX_HEADER = "sFetch/sFetch-Prefix.pch";
				INFOPLIST_FILE = "sFetch/sFetch-Info.plist";
				PRODUCT_NAME = "$(TARGET_NAME)";
				WRAPPER_EXTENSION = app;
			};
			name = Debug;
		};
		5A10989E183102C8005D6DDA /* Release */ = {
			isa = XCBuildConfiguration;
			buildSettings = {
				ASSETCATALOG_COMPILER_APPICON_NAME = AppIcon;
				ASSETCATALOG_COMPILER_LAUNCHIMAGE_NAME = LaunchImage;
				GCC_PRECOMPILE_PREFIX_HEADER = YES;
				GCC_PREFIX_HEADER = "sFetch/sFetch-Prefix.pch";
				INFOPLIST_FILE = "sFetch/sFetch-Info.plist";
				PRODUCT_NAME = "$(TARGET_NAME)";
				WRAPPER_EXTENSION = app;
			};
			name = Release;
		};
		5A1098A0183102C8005D6DDA /* Debug */ = {
			isa = XCBuildConfiguration;
			buildSettings = {
				ARCHS = "$(ARCHS_STANDARD_INCLUDING_64_BIT)";
				BUNDLE_LOADER = "$(BUILT_PRODUCTS_DIR)/sFetch.app/sFetch";
				FRAMEWORK_SEARCH_PATHS = (
					"$(SDKROOT)/Developer/Library/Frameworks",
					"$(inherited)",
					"$(DEVELOPER_FRAMEWORKS_DIR)",
				);
				GCC_PRECOMPILE_PREFIX_HEADER = YES;
				GCC_PREFIX_HEADER = "sFetch/sFetch-Prefix.pch";
				GCC_PREPROCESSOR_DEFINITIONS = (
					"DEBUG=1",
					"$(inherited)",
				);
				INFOPLIST_FILE = "sFetchTests/sFetchTests-Info.plist";
				PRODUCT_NAME = "$(TARGET_NAME)";
				TEST_HOST = "$(BUNDLE_LOADER)";
				WRAPPER_EXTENSION = xctest;
			};
			name = Debug;
		};
		5A1098A1183102C8005D6DDA /* Release */ = {
			isa = XCBuildConfiguration;
			buildSettings = {
				ARCHS = "$(ARCHS_STANDARD_INCLUDING_64_BIT)";
				BUNDLE_LOADER = "$(BUILT_PRODUCTS_DIR)/sFetch.app/sFetch";
				FRAMEWORK_SEARCH_PATHS = (
					"$(SDKROOT)/Developer/Library/Frameworks",
					"$(inherited)",
					"$(DEVELOPER_FRAMEWORKS_DIR)",
				);
				GCC_PRECOMPILE_PREFIX_HEADER = YES;
				GCC_PREFIX_HEADER = "sFetch/sFetch-Prefix.pch";
				INFOPLIST_FILE = "sFetchTests/sFetchTests-Info.plist";
				PRODUCT_NAME = "$(TARGET_NAME)";
				TEST_HOST = "$(BUNDLE_LOADER)";
				WRAPPER_EXTENSION = xctest;
			};
			name = Release;
		};
/* End XCBuildConfiguration section */

/* Begin XCConfigurationList section */
		5A109862183102C8005D6DDA /* Build configuration list for PBXProject "sFetch" */ = {
			isa = XCConfigurationList;
			buildConfigurations = (
				5A10989A183102C8005D6DDA /* Debug */,
				5A10989B183102C8005D6DDA /* Release */,
			);
			defaultConfigurationIsVisible = 0;
			defaultConfigurationName = Release;
		};
		5A10989C183102C8005D6DDA /* Build configuration list for PBXNativeTarget "sFetch" */ = {
			isa = XCConfigurationList;
			buildConfigurations = (
				5A10989D183102C8005D6DDA /* Debug */,
				5A10989E183102C8005D6DDA /* Release */,
			);
			defaultConfigurationIsVisible = 0;
			defaultConfigurationName = Release;
		};
		5A10989F183102C8005D6DDA /* Build configuration list for PBXNativeTarget "sFetchTests" */ = {
			isa = XCConfigurationList;
			buildConfigurations = (
				5A1098A0183102C8005D6DDA /* Debug */,
				5A1098A1183102C8005D6DDA /* Release */,
			);
			defaultConfigurationIsVisible = 0;
			defaultConfigurationName = Release;
		};
/* End XCConfigurationList section */
	};
	rootObject = 5A10985F183102C8005D6DDA /* Project object */;
}
